// !$*UTF8*$!
{
	archiveVersion = 1;
	classes = {
	};
	objectVersion = 77;
	objects = {

/* Begin PBXBuildFile section */
		FB455D242DC251C3000BB857 /* MovieDetails.swift in Sources */ = {isa = PBXBuildFile; fileRef = FB455D232DC251C3000BB857 /* MovieDetails.swift */; };
		FB455D262DC25729000BB857 /* PosterInsideView.swift in Sources */ = {isa = PBXBuildFile; fileRef = FB455D252DC25729000BB857 /* PosterInsideView.swift */; };
		FB455D282DC25DE3000BB857 /* CircleCloseButton.swift in Sources */ = {isa = PBXBuildFile; fileRef = FB455D272DC25DE3000BB857 /* CircleCloseButton.swift */; };
		FB6B03B22DBAE32E000FD87D /* Assets.xcassets in Resources */ = {isa = PBXBuildFile; fileRef = FB6B03AE2DBAE32E000FD87D /* Assets.xcassets */; };
		FB6B03B32DBAE32E000FD87D /* ContentView.swift in Sources */ = {isa = PBXBuildFile; fileRef = FB6B03AF2DBAE32E000FD87D /* ContentView.swift */; };
		FB6B03B42DBAE32E000FD87D /* MoviesApp.swift in Sources */ = {isa = PBXBuildFile; fileRef = FB6B03B02DBAE32E000FD87D /* MoviesApp.swift */; };
		FB6B03B72DBAE395000FD87D /* SMP25Kit in Frameworks */ = {isa = PBXBuildFile; productRef = FB6B03B62DBAE395000FD87D /* SMP25Kit */; };
		FB6B03BB2DBAE517000FD87D /* URL.swift in Sources */ = {isa = PBXBuildFile; fileRef = FB6B03BA2DBAE517000FD87D /* URL.swift */; };
		FB6B03BD2DBAE99D000FD87D /* MovieDTO.swift in Sources */ = {isa = PBXBuildFile; fileRef = FB6B03BC2DBAE99D000FD87D /* MovieDTO.swift */; };
		FB6B03BF2DBAEB42000FD87D /* GenresDTO.swift in Sources */ = {isa = PBXBuildFile; fileRef = FB6B03BE2DBAEB42000FD87D /* GenresDTO.swift */; };
		FB6B03C22DBAF3F8000FD87D /* Movies.swift in Sources */ = {isa = PBXBuildFile; fileRef = FB6B03C12DBAF3F8000FD87D /* Movies.swift */; };
		FB6B03C42DBB0829000FD87D /* Genres.swift in Sources */ = {isa = PBXBuildFile; fileRef = FB6B03C32DBB0829000FD87D /* Genres.swift */; };
		FB6B03C62DBB0845000FD87D /* SampleData.swift in Sources */ = {isa = PBXBuildFile; fileRef = FB6B03C52DBB0845000FD87D /* SampleData.swift */; };
		FB6B03CA2DBB1282000FD87D /* upcoming.json in Resources */ = {isa = PBXBuildFile; fileRef = FB6B03C92DBB1282000FD87D /* upcoming.json */; };
		FB6B03CB2DBB1282000FD87D /* now_playing.json in Resources */ = {isa = PBXBuildFile; fileRef = FB6B03C82DBB1282000FD87D /* now_playing.json */; };
		FB6B03CD2DBB1373000FD87D /* MoviesAppPreviewContainer.swift in Sources */ = {isa = PBXBuildFile; fileRef = FB6B03CC2DBB1373000FD87D /* MoviesAppPreviewContainer.swift */; };
		FB6B03CF2DBB164D000FD87D /* genres.json in Resources */ = {isa = PBXBuildFile; fileRef = FB6B03CE2DBB164D000FD87D /* genres.json */; };
		FB6B03D12DBC57DC000FD87D /* PosterView.swift in Sources */ = {isa = PBXBuildFile; fileRef = FB6B03D02DBC57DC000FD87D /* PosterView.swift */; };
		FB6B03D32DBC6231000FD87D /* MoviesAppContainer.swift in Sources */ = {isa = PBXBuildFile; fileRef = FB6B03D22DBC6231000FD87D /* MoviesAppContainer.swift */; };
		FB6B03D62DBC9675000FD87D /* MoviesVM.swift in Sources */ = {isa = PBXBuildFile; fileRef = FB6B03D52DBC9675000FD87D /* MoviesVM.swift */; };
		FB6B03D82DBC998A000FD87D /* Repository.swift in Sources */ = {isa = PBXBuildFile; fileRef = FB6B03D72DBC998A000FD87D /* Repository.swift */; };
		FBA17B532DC145C500ABB0D3 /* MoviesView.swift in Sources */ = {isa = PBXBuildFile; fileRef = FBA17B522DC145C500ABB0D3 /* MoviesView.swift */; };
/* End PBXBuildFile section */

/* Begin PBXContainerItemProxy section */
		FBA17B5C2DC14EA600ABB0D3 /* PBXContainerItemProxy */ = {
			isa = PBXContainerItemProxy;
			containerPortal = FB6B03982DBAE2CC000FD87D /* Project object */;
			proxyType = 1;
			remoteGlobalIDString = FB6B039F2DBAE2CC000FD87D;
			remoteInfo = MoviesApp;
		};
/* End PBXContainerItemProxy section */

/* Begin PBXFileReference section */
		FB455D232DC251C3000BB857 /* MovieDetails.swift */ = {isa = PBXFileReference; lastKnownFileType = sourcecode.swift; path = MovieDetails.swift; sourceTree = "<group>"; };
		FB455D252DC25729000BB857 /* PosterInsideView.swift */ = {isa = PBXFileReference; fileEncoding = 4; lastKnownFileType = sourcecode.swift; path = PosterInsideView.swift; sourceTree = "<group>"; };
		FB455D272DC25DE3000BB857 /* CircleCloseButton.swift */ = {isa = PBXFileReference; lastKnownFileType = sourcecode.swift; path = CircleCloseButton.swift; sourceTree = "<group>"; };
		FB6B03A02DBAE2CC000FD87D /* MoviesApp.app */ = {isa = PBXFileReference; explicitFileType = wrapper.application; includeInIndex = 0; path = MoviesApp.app; sourceTree = BUILT_PRODUCTS_DIR; };
		FB6B03AE2DBAE32E000FD87D /* Assets.xcassets */ = {isa = PBXFileReference; lastKnownFileType = folder.assetcatalog; path = Assets.xcassets; sourceTree = "<group>"; };
		FB6B03AF2DBAE32E000FD87D /* ContentView.swift */ = {isa = PBXFileReference; lastKnownFileType = sourcecode.swift; path = ContentView.swift; sourceTree = "<group>"; };
		FB6B03B02DBAE32E000FD87D /* MoviesApp.swift */ = {isa = PBXFileReference; lastKnownFileType = sourcecode.swift; path = MoviesApp.swift; sourceTree = "<group>"; };
		FB6B03BA2DBAE517000FD87D /* URL.swift */ = {isa = PBXFileReference; lastKnownFileType = sourcecode.swift; path = URL.swift; sourceTree = "<group>"; };
		FB6B03BC2DBAE99D000FD87D /* MovieDTO.swift */ = {isa = PBXFileReference; lastKnownFileType = sourcecode.swift; path = MovieDTO.swift; sourceTree = "<group>"; };
		FB6B03BE2DBAEB42000FD87D /* GenresDTO.swift */ = {isa = PBXFileReference; lastKnownFileType = sourcecode.swift; path = GenresDTO.swift; sourceTree = "<group>"; };
		FB6B03C12DBAF3F8000FD87D /* Movies.swift */ = {isa = PBXFileReference; lastKnownFileType = sourcecode.swift; path = Movies.swift; sourceTree = "<group>"; };
		FB6B03C32DBB0829000FD87D /* Genres.swift */ = {isa = PBXFileReference; lastKnownFileType = sourcecode.swift; path = Genres.swift; sourceTree = "<group>"; };
		FB6B03C52DBB0845000FD87D /* SampleData.swift */ = {isa = PBXFileReference; lastKnownFileType = sourcecode.swift; path = SampleData.swift; sourceTree = "<group>"; };
		FB6B03C82DBB1282000FD87D /* now_playing.json */ = {isa = PBXFileReference; lastKnownFileType = text.json; path = now_playing.json; sourceTree = "<group>"; };
		FB6B03C92DBB1282000FD87D /* upcoming.json */ = {isa = PBXFileReference; lastKnownFileType = text.json; path = upcoming.json; sourceTree = "<group>"; };
		FB6B03CC2DBB1373000FD87D /* MoviesAppPreviewContainer.swift */ = {isa = PBXFileReference; lastKnownFileType = sourcecode.swift; path = MoviesAppPreviewContainer.swift; sourceTree = "<group>"; };
		FB6B03CE2DBB164D000FD87D /* genres.json */ = {isa = PBXFileReference; lastKnownFileType = text.json; path = genres.json; sourceTree = "<group>"; };
		FB6B03D02DBC57DC000FD87D /* PosterView.swift */ = {isa = PBXFileReference; lastKnownFileType = sourcecode.swift; path = PosterView.swift; sourceTree = "<group>"; };
		FB6B03D22DBC6231000FD87D /* MoviesAppContainer.swift */ = {isa = PBXFileReference; lastKnownFileType = sourcecode.swift; path = MoviesAppContainer.swift; sourceTree = "<group>"; };
		FB6B03D52DBC9675000FD87D /* MoviesVM.swift */ = {isa = PBXFileReference; lastKnownFileType = sourcecode.swift; path = MoviesVM.swift; sourceTree = "<group>"; };
		FB6B03D72DBC998A000FD87D /* Repository.swift */ = {isa = PBXFileReference; lastKnownFileType = sourcecode.swift; path = Repository.swift; sourceTree = "<group>"; };
		FBA17B522DC145C500ABB0D3 /* MoviesView.swift */ = {isa = PBXFileReference; lastKnownFileType = sourcecode.swift; path = MoviesView.swift; sourceTree = "<group>"; };
		FBA17B582DC14EA600ABB0D3 /* MoviesAppTests.xctest */ = {isa = PBXFileReference; explicitFileType = wrapper.cfbundle; includeInIndex = 0; path = MoviesAppTests.xctest; sourceTree = BUILT_PRODUCTS_DIR; };
/* End PBXFileReference section */

/* Begin PBXFileSystemSynchronizedRootGroup section */
		FBA17B592DC14EA600ABB0D3 /* MoviesAppTests */ = {
			isa = PBXFileSystemSynchronizedRootGroup;
			path = MoviesAppTests;
			sourceTree = "<group>";
		};
/* End PBXFileSystemSynchronizedRootGroup section */

/* Begin PBXFrameworksBuildPhase section */
		FB6B039D2DBAE2CC000FD87D /* Frameworks */ = {
			isa = PBXFrameworksBuildPhase;
			buildActionMask = 2147483647;
			files = (
				FB6B03B72DBAE395000FD87D /* SMP25Kit in Frameworks */,
			);
			runOnlyForDeploymentPostprocessing = 0;
		};
		FBA17B552DC14EA600ABB0D3 /* Frameworks */ = {
			isa = PBXFrameworksBuildPhase;
			buildActionMask = 2147483647;
			files = (
			);
			runOnlyForDeploymentPostprocessing = 0;
		};
/* End PBXFrameworksBuildPhase section */

/* Begin PBXGroup section */
		FB455D292DC25F05000BB857 /* Components */ = {
			isa = PBXGroup;
			children = (
				FB455D272DC25DE3000BB857 /* CircleCloseButton.swift */,
				FB6B03D02DBC57DC000FD87D /* PosterView.swift */,
				FB455D252DC25729000BB857 /* PosterInsideView.swift */,
			);
			path = Components;
			sourceTree = "<group>";
		};
		FB6B03972DBAE2CC000FD87D = {
			isa = PBXGroup;
			children = (
				FB6B03B12DBAE32E000FD87D /* MoviesApp */,
				FBA17B592DC14EA600ABB0D3 /* MoviesAppTests */,
				FB6B03A12DBAE2CC000FD87D /* Products */,
			);
			sourceTree = "<group>";
		};
		FB6B03A12DBAE2CC000FD87D /* Products */ = {
			isa = PBXGroup;
			children = (
				FB6B03A02DBAE2CC000FD87D /* MoviesApp.app */,
				FBA17B582DC14EA600ABB0D3 /* MoviesAppTests.xctest */,
			);
			name = Products;
			sourceTree = "<group>";
		};
		FB6B03B12DBAE32E000FD87D /* MoviesApp */ = {
			isa = PBXGroup;
			children = (
				FB6B03AF2DBAE32E000FD87D /* ContentView.swift */,
				FBA17B522DC145C500ABB0D3 /* MoviesView.swift */,
				FB455D232DC251C3000BB857 /* MovieDetails.swift */,
				FB455D292DC25F05000BB857 /* Components */,
				FB6B03D42DBC9663000FD87D /* ViewModel */,
				FB6B03C02DBAF1D1000FD87D /* SwiftData */,
				FB6B03B92DBAE503000FD87D /* Network */,
				FB6B03B82DBAE424000FD87D /* Model */,
				FB6B03C72DBB125E000FD87D /* Resources */,
				FB6B03AE2DBAE32E000FD87D /* Assets.xcassets */,
				FB6B03B02DBAE32E000FD87D /* MoviesApp.swift */,
			);
			path = MoviesApp;
			sourceTree = "<group>";
		};
		FB6B03B82DBAE424000FD87D /* Model */ = {
			isa = PBXGroup;
			children = (
				FB6B03BC2DBAE99D000FD87D /* MovieDTO.swift */,
				FB6B03BE2DBAEB42000FD87D /* GenresDTO.swift */,
			);
			path = Model;
			sourceTree = "<group>";
		};
		FB6B03B92DBAE503000FD87D /* Network */ = {
			isa = PBXGroup;
			children = (
				FB6B03BA2DBAE517000FD87D /* URL.swift */,
				FB6B03D72DBC998A000FD87D /* Repository.swift */,
			);
			path = Network;
			sourceTree = "<group>";
		};
		FB6B03C02DBAF1D1000FD87D /* SwiftData */ = {
			isa = PBXGroup;
			children = (
				FB6B03C12DBAF3F8000FD87D /* Movies.swift */,
				FB6B03C32DBB0829000FD87D /* Genres.swift */,
				FB6B03C52DBB0845000FD87D /* SampleData.swift */,
				FB6B03CC2DBB1373000FD87D /* MoviesAppPreviewContainer.swift */,
				FB6B03D22DBC6231000FD87D /* MoviesAppContainer.swift */,
			);
			path = SwiftData;
			sourceTree = "<group>";
		};
		FB6B03C72DBB125E000FD87D /* Resources */ = {
			isa = PBXGroup;
			children = (
				FB6B03C82DBB1282000FD87D /* now_playing.json */,
				FB6B03C92DBB1282000FD87D /* upcoming.json */,
				FB6B03CE2DBB164D000FD87D /* genres.json */,
			);
			path = Resources;
			sourceTree = "<group>";
		};
		FB6B03D42DBC9663000FD87D /* ViewModel */ = {
			isa = PBXGroup;
			children = (
				FB6B03D52DBC9675000FD87D /* MoviesVM.swift */,
			);
			path = ViewModel;
			sourceTree = "<group>";
		};
/* End PBXGroup section */

/* Begin PBXNativeTarget section */
		FB6B039F2DBAE2CC000FD87D /* MoviesApp */ = {
			isa = PBXNativeTarget;
			buildConfigurationList = FB6B03AB2DBAE2D1000FD87D /* Build configuration list for PBXNativeTarget "MoviesApp" */;
			buildPhases = (
				FB6B039C2DBAE2CC000FD87D /* Sources */,
				FB6B039D2DBAE2CC000FD87D /* Frameworks */,
				FB6B039E2DBAE2CC000FD87D /* Resources */,
			);
			buildRules = (
			);
			dependencies = (
			);
			name = MoviesApp;
			packageProductDependencies = (
				FB6B03B62DBAE395000FD87D /* SMP25Kit */,
			);
			productName = MoviesApp;
			productReference = FB6B03A02DBAE2CC000FD87D /* MoviesApp.app */;
			productType = "com.apple.product-type.application";
		};
		FBA17B572DC14EA600ABB0D3 /* MoviesAppTests */ = {
			isa = PBXNativeTarget;
			buildConfigurationList = FBA17B5E2DC14EA600ABB0D3 /* Build configuration list for PBXNativeTarget "MoviesAppTests" */;
			buildPhases = (
				FBA17B542DC14EA600ABB0D3 /* Sources */,
				FBA17B552DC14EA600ABB0D3 /* Frameworks */,
				FBA17B562DC14EA600ABB0D3 /* Resources */,
			);
			buildRules = (
			);
			dependencies = (
				FBA17B5D2DC14EA600ABB0D3 /* PBXTargetDependency */,
			);
			fileSystemSynchronizedGroups = (
				FBA17B592DC14EA600ABB0D3 /* MoviesAppTests */,
			);
			name = MoviesAppTests;
			packageProductDependencies = (
			);
			productName = MoviesAppTests;
			productReference = FBA17B582DC14EA600ABB0D3 /* MoviesAppTests.xctest */;
			productType = "com.apple.product-type.bundle.unit-test";
		};
/* End PBXNativeTarget section */

/* Begin PBXProject section */
		FB6B03982DBAE2CC000FD87D /* Project object */ = {
			isa = PBXProject;
			attributes = {
				BuildIndependentTargetsInParallel = 1;
				LastSwiftUpdateCheck = 1630;
				LastUpgradeCheck = 1630;
				TargetAttributes = {
					FB6B039F2DBAE2CC000FD87D = {
						CreatedOnToolsVersion = 16.3;
					};
					FBA17B572DC14EA600ABB0D3 = {
						CreatedOnToolsVersion = 16.3;
						TestTargetID = FB6B039F2DBAE2CC000FD87D;
					};
				};
			};
			buildConfigurationList = FB6B039B2DBAE2CC000FD87D /* Build configuration list for PBXProject "MoviesApp" */;
			developmentRegion = en;
			hasScannedForEncodings = 0;
			knownRegions = (
				en,
				Base,
			);
			mainGroup = FB6B03972DBAE2CC000FD87D;
			minimizedProjectReferenceProxies = 1;
			packageReferences = (
				FB6B03B52DBAE395000FD87D /* XCRemoteSwiftPackageReference "SMP25Kit" */,
			);
			preferredProjectObjectVersion = 77;
			productRefGroup = FB6B03A12DBAE2CC000FD87D /* Products */;
			projectDirPath = "";
			projectRoot = "";
			targets = (
				FB6B039F2DBAE2CC000FD87D /* MoviesApp */,
				FBA17B572DC14EA600ABB0D3 /* MoviesAppTests */,
			);
		};
/* End PBXProject section */

/* Begin PBXResourcesBuildPhase section */
		FB6B039E2DBAE2CC000FD87D /* Resources */ = {
			isa = PBXResourcesBuildPhase;
			buildActionMask = 2147483647;
			files = (
				FB6B03CA2DBB1282000FD87D /* upcoming.json in Resources */,
				FB6B03CB2DBB1282000FD87D /* now_playing.json in Resources */,
				FB6B03B22DBAE32E000FD87D /* Assets.xcassets in Resources */,
				FB6B03CF2DBB164D000FD87D /* genres.json in Resources */,
			);
			runOnlyForDeploymentPostprocessing = 0;
		};
		FBA17B562DC14EA600ABB0D3 /* Resources */ = {
			isa = PBXResourcesBuildPhase;
			buildActionMask = 2147483647;
			files = (
			);
			runOnlyForDeploymentPostprocessing = 0;
		};
/* End PBXResourcesBuildPhase section */

/* Begin PBXSourcesBuildPhase section */
		FB6B039C2DBAE2CC000FD87D /* Sources */ = {
			isa = PBXSourcesBuildPhase;
			buildActionMask = 2147483647;
			files = (
				FB6B03B32DBAE32E000FD87D /* ContentView.swift in Sources */,
				FB6B03BF2DBAEB42000FD87D /* GenresDTO.swift in Sources */,
				FB6B03C42DBB0829000FD87D /* Genres.swift in Sources */,
				FB6B03D82DBC998A000FD87D /* Repository.swift in Sources */,
				FB6B03D62DBC9675000FD87D /* MoviesVM.swift in Sources */,
				FB455D262DC25729000BB857 /* PosterInsideView.swift in Sources */,
				FB6B03C22DBAF3F8000FD87D /* Movies.swift in Sources */,
				FB6B03B42DBAE32E000FD87D /* MoviesApp.swift in Sources */,
				FB6B03D12DBC57DC000FD87D /* PosterView.swift in Sources */,
				FB455D242DC251C3000BB857 /* MovieDetails.swift in Sources */,
				FB6B03D32DBC6231000FD87D /* MoviesAppContainer.swift in Sources */,
				FB6B03BD2DBAE99D000FD87D /* MovieDTO.swift in Sources */,
				FB6B03BB2DBAE517000FD87D /* URL.swift in Sources */,
				FB455D282DC25DE3000BB857 /* CircleCloseButton.swift in Sources */,
				FBA17B532DC145C500ABB0D3 /* MoviesView.swift in Sources */,
				FB6B03C62DBB0845000FD87D /* SampleData.swift in Sources */,
				FB6B03CD2DBB1373000FD87D /* MoviesAppPreviewContainer.swift in Sources */,
			);
			runOnlyForDeploymentPostprocessing = 0;
		};
		FBA17B542DC14EA600ABB0D3 /* Sources */ = {
			isa = PBXSourcesBuildPhase;
			buildActionMask = 2147483647;
			files = (
			);
			runOnlyForDeploymentPostprocessing = 0;
		};
/* End PBXSourcesBuildPhase section */

/* Begin PBXTargetDependency section */
		FBA17B5D2DC14EA600ABB0D3 /* PBXTargetDependency */ = {
			isa = PBXTargetDependency;
			target = FB6B039F2DBAE2CC000FD87D /* MoviesApp */;
			targetProxy = FBA17B5C2DC14EA600ABB0D3 /* PBXContainerItemProxy */;
		};
/* End PBXTargetDependency section */

/* Begin XCBuildConfiguration section */
		FB6B03A92DBAE2D1000FD87D /* Debug */ = {
			isa = XCBuildConfiguration;
			buildSettings = {
				ALWAYS_SEARCH_USER_PATHS = NO;
				ASSETCATALOG_COMPILER_GENERATE_SWIFT_ASSET_SYMBOL_EXTENSIONS = YES;
				CLANG_ANALYZER_NONNULL = YES;
				CLANG_ANALYZER_NUMBER_OBJECT_CONVERSION = YES_AGGRESSIVE;
				CLANG_CXX_LANGUAGE_STANDARD = "gnu++20";
				CLANG_ENABLE_MODULES = YES;
				CLANG_ENABLE_OBJC_ARC = YES;
				CLANG_ENABLE_OBJC_WEAK = YES;
				CLANG_WARN_BLOCK_CAPTURE_AUTORELEASING = YES;
				CLANG_WARN_BOOL_CONVERSION = YES;
				CLANG_WARN_COMMA = YES;
				CLANG_WARN_CONSTANT_CONVERSION = YES;
				CLANG_WARN_DEPRECATED_OBJC_IMPLEMENTATIONS = YES;
				CLANG_WARN_DIRECT_OBJC_ISA_USAGE = YES_ERROR;
				CLANG_WARN_DOCUMENTATION_COMMENTS = YES;
				CLANG_WARN_EMPTY_BODY = YES;
				CLANG_WARN_ENUM_CONVERSION = YES;
				CLANG_WARN_INFINITE_RECURSION = YES;
				CLANG_WARN_INT_CONVERSION = YES;
				CLANG_WARN_NON_LITERAL_NULL_CONVERSION = YES;
				CLANG_WARN_OBJC_IMPLICIT_RETAIN_SELF = YES;
				CLANG_WARN_OBJC_LITERAL_CONVERSION = YES;
				CLANG_WARN_OBJC_ROOT_CLASS = YES_ERROR;
				CLANG_WARN_QUOTED_INCLUDE_IN_FRAMEWORK_HEADER = YES;
				CLANG_WARN_RANGE_LOOP_ANALYSIS = YES;
				CLANG_WARN_STRICT_PROTOTYPES = YES;
				CLANG_WARN_SUSPICIOUS_MOVE = YES;
				CLANG_WARN_UNGUARDED_AVAILABILITY = YES_AGGRESSIVE;
				CLANG_WARN_UNREACHABLE_CODE = YES;
				CLANG_WARN__DUPLICATE_METHOD_MATCH = YES;
				COPY_PHASE_STRIP = NO;
				DEBUG_INFORMATION_FORMAT = dwarf;
				DEVELOPMENT_TEAM = 7GRZBU3W5C;
				ENABLE_STRICT_OBJC_MSGSEND = YES;
				ENABLE_TESTABILITY = YES;
				ENABLE_USER_SCRIPT_SANDBOXING = YES;
				GCC_C_LANGUAGE_STANDARD = gnu17;
				GCC_DYNAMIC_NO_PIC = NO;
				GCC_NO_COMMON_BLOCKS = YES;
				GCC_OPTIMIZATION_LEVEL = 0;
				GCC_PREPROCESSOR_DEFINITIONS = (
					"DEBUG=1",
					"$(inherited)",
				);
				GCC_WARN_64_TO_32_BIT_CONVERSION = YES;
				GCC_WARN_ABOUT_RETURN_TYPE = YES_ERROR;
				GCC_WARN_UNDECLARED_SELECTOR = YES;
				GCC_WARN_UNINITIALIZED_AUTOS = YES_AGGRESSIVE;
				GCC_WARN_UNUSED_FUNCTION = YES;
				GCC_WARN_UNUSED_VARIABLE = YES;
				IPHONEOS_DEPLOYMENT_TARGET = 18.4;
				LOCALIZATION_PREFERS_STRING_CATALOGS = YES;
				MTL_ENABLE_DEBUG_INFO = INCLUDE_SOURCE;
				MTL_FAST_MATH = YES;
				ONLY_ACTIVE_ARCH = YES;
				SDKROOT = iphoneos;
				SWIFT_ACTIVE_COMPILATION_CONDITIONS = "DEBUG $(inherited)";
				SWIFT_OPTIMIZATION_LEVEL = "-Onone";
			};
			name = Debug;
		};
		FB6B03AA2DBAE2D1000FD87D /* Release */ = {
			isa = XCBuildConfiguration;
			buildSettings = {
				ALWAYS_SEARCH_USER_PATHS = NO;
				ASSETCATALOG_COMPILER_GENERATE_SWIFT_ASSET_SYMBOL_EXTENSIONS = YES;
				CLANG_ANALYZER_NONNULL = YES;
				CLANG_ANALYZER_NUMBER_OBJECT_CONVERSION = YES_AGGRESSIVE;
				CLANG_CXX_LANGUAGE_STANDARD = "gnu++20";
				CLANG_ENABLE_MODULES = YES;
				CLANG_ENABLE_OBJC_ARC = YES;
				CLANG_ENABLE_OBJC_WEAK = YES;
				CLANG_WARN_BLOCK_CAPTURE_AUTORELEASING = YES;
				CLANG_WARN_BOOL_CONVERSION = YES;
				CLANG_WARN_COMMA = YES;
				CLANG_WARN_CONSTANT_CONVERSION = YES;
				CLANG_WARN_DEPRECATED_OBJC_IMPLEMENTATIONS = YES;
				CLANG_WARN_DIRECT_OBJC_ISA_USAGE = YES_ERROR;
				CLANG_WARN_DOCUMENTATION_COMMENTS = YES;
				CLANG_WARN_EMPTY_BODY = YES;
				CLANG_WARN_ENUM_CONVERSION = YES;
				CLANG_WARN_INFINITE_RECURSION = YES;
				CLANG_WARN_INT_CONVERSION = YES;
				CLANG_WARN_NON_LITERAL_NULL_CONVERSION = YES;
				CLANG_WARN_OBJC_IMPLICIT_RETAIN_SELF = YES;
				CLANG_WARN_OBJC_LITERAL_CONVERSION = YES;
				CLANG_WARN_OBJC_ROOT_CLASS = YES_ERROR;
				CLANG_WARN_QUOTED_INCLUDE_IN_FRAMEWORK_HEADER = YES;
				CLANG_WARN_RANGE_LOOP_ANALYSIS = YES;
				CLANG_WARN_STRICT_PROTOTYPES = YES;
				CLANG_WARN_SUSPICIOUS_MOVE = YES;
				CLANG_WARN_UNGUARDED_AVAILABILITY = YES_AGGRESSIVE;
				CLANG_WARN_UNREACHABLE_CODE = YES;
				CLANG_WARN__DUPLICATE_METHOD_MATCH = YES;
				COPY_PHASE_STRIP = NO;
				DEBUG_INFORMATION_FORMAT = "dwarf-with-dsym";
				DEVELOPMENT_TEAM = 7GRZBU3W5C;
				ENABLE_NS_ASSERTIONS = NO;
				ENABLE_STRICT_OBJC_MSGSEND = YES;
				ENABLE_USER_SCRIPT_SANDBOXING = YES;
				GCC_C_LANGUAGE_STANDARD = gnu17;
				GCC_NO_COMMON_BLOCKS = YES;
				GCC_WARN_64_TO_32_BIT_CONVERSION = YES;
				GCC_WARN_ABOUT_RETURN_TYPE = YES_ERROR;
				GCC_WARN_UNDECLARED_SELECTOR = YES;
				GCC_WARN_UNINITIALIZED_AUTOS = YES_AGGRESSIVE;
				GCC_WARN_UNUSED_FUNCTION = YES;
				GCC_WARN_UNUSED_VARIABLE = YES;
				IPHONEOS_DEPLOYMENT_TARGET = 18.4;
				LOCALIZATION_PREFERS_STRING_CATALOGS = YES;
				MTL_ENABLE_DEBUG_INFO = NO;
				MTL_FAST_MATH = YES;
				SDKROOT = iphoneos;
				SWIFT_COMPILATION_MODE = wholemodule;
				VALIDATE_PRODUCT = YES;
			};
			name = Release;
		};
		FB6B03AC2DBAE2D1000FD87D /* Debug */ = {
			isa = XCBuildConfiguration;
			buildSettings = {
				ASSETCATALOG_COMPILER_APPICON_NAME = AppIcon;
				ASSETCATALOG_COMPILER_GLOBAL_ACCENT_COLOR_NAME = AccentColor;
				CODE_SIGN_STYLE = Automatic;
				CURRENT_PROJECT_VERSION = 1;
				DEVELOPMENT_ASSET_PATHS = MoviesApp/Resources;
				DEVELOPMENT_TEAM = 7GRZBU3W5C;
				ENABLE_PREVIEWS = YES;
				GENERATE_INFOPLIST_FILE = YES;
				INFOPLIST_KEY_UIApplicationSceneManifest_Generation = YES;
				INFOPLIST_KEY_UIApplicationSupportsIndirectInputEvents = YES;
				INFOPLIST_KEY_UILaunchScreen_Generation = YES;
				INFOPLIST_KEY_UISupportedInterfaceOrientations_iPad = "UIInterfaceOrientationPortrait UIInterfaceOrientationPortraitUpsideDown UIInterfaceOrientationLandscapeLeft UIInterfaceOrientationLandscapeRight";
				INFOPLIST_KEY_UISupportedInterfaceOrientations_iPhone = "UIInterfaceOrientationPortrait UIInterfaceOrientationLandscapeLeft UIInterfaceOrientationLandscapeRight";
				LD_RUNPATH_SEARCH_PATHS = (
					"$(inherited)",
					"@executable_path/Frameworks",
				);
				MARKETING_VERSION = 1.0;
				PRODUCT_BUNDLE_IDENTIFIER = com.cxcarvaj.MoviesApp;
				PRODUCT_NAME = "$(TARGET_NAME)";
				SWIFT_EMIT_LOC_STRINGS = YES;
				SWIFT_VERSION = 6.0;
				TARGETED_DEVICE_FAMILY = "1,2";
			};
			name = Debug;
		};
		FB6B03AD2DBAE2D1000FD87D /* Release */ = {
			isa = XCBuildConfiguration;
			buildSettings = {
				ASSETCATALOG_COMPILER_APPICON_NAME = AppIcon;
				ASSETCATALOG_COMPILER_GLOBAL_ACCENT_COLOR_NAME = AccentColor;
				CODE_SIGN_STYLE = Automatic;
				CURRENT_PROJECT_VERSION = 1;
				DEVELOPMENT_ASSET_PATHS = MoviesApp/Resources;
				DEVELOPMENT_TEAM = 7GRZBU3W5C;
				ENABLE_PREVIEWS = YES;
				GENERATE_INFOPLIST_FILE = YES;
				INFOPLIST_KEY_UIApplicationSceneManifest_Generation = YES;
				INFOPLIST_KEY_UIApplicationSupportsIndirectInputEvents = YES;
				INFOPLIST_KEY_UILaunchScreen_Generation = YES;
				INFOPLIST_KEY_UISupportedInterfaceOrientations_iPad = "UIInterfaceOrientationPortrait UIInterfaceOrientationPortraitUpsideDown UIInterfaceOrientationLandscapeLeft UIInterfaceOrientationLandscapeRight";
				INFOPLIST_KEY_UISupportedInterfaceOrientations_iPhone = "UIInterfaceOrientationPortrait UIInterfaceOrientationLandscapeLeft UIInterfaceOrientationLandscapeRight";
				LD_RUNPATH_SEARCH_PATHS = (
					"$(inherited)",
					"@executable_path/Frameworks",
				);
				MARKETING_VERSION = 1.0;
				PRODUCT_BUNDLE_IDENTIFIER = com.cxcarvaj.MoviesApp;
				PRODUCT_NAME = "$(TARGET_NAME)";
				SWIFT_EMIT_LOC_STRINGS = YES;
				SWIFT_VERSION = 6.0;
				TARGETED_DEVICE_FAMILY = "1,2";
			};
			name = Release;
		};
		FBA17B5F2DC14EA600ABB0D3 /* Debug */ = {
			isa = XCBuildConfiguration;
			buildSettings = {
				BUNDLE_LOADER = "$(TEST_HOST)";
				CODE_SIGN_STYLE = Automatic;
				CURRENT_PROJECT_VERSION = 1;
				DEVELOPMENT_TEAM = 7GRZBU3W5C;
				GENERATE_INFOPLIST_FILE = YES;
				MARKETING_VERSION = 1.0;
				PRODUCT_BUNDLE_IDENTIFIER = com.cxcarvaj.MoviesAppTests;
				PRODUCT_NAME = "$(TARGET_NAME)";
				SWIFT_EMIT_LOC_STRINGS = NO;
				SWIFT_VERSION = 6.0;
				TARGETED_DEVICE_FAMILY = "1,2";
				TEST_HOST = "$(BUILT_PRODUCTS_DIR)/MoviesApp.app/$(BUNDLE_EXECUTABLE_FOLDER_PATH)/MoviesApp";
			};
			name = Debug;
		};
		FBA17B602DC14EA600ABB0D3 /* Release */ = {
			isa = XCBuildConfiguration;
			buildSettings = {
				BUNDLE_LOADER = "$(TEST_HOST)";
				CODE_SIGN_STYLE = Automatic;
				CURRENT_PROJECT_VERSION = 1;
				DEVELOPMENT_TEAM = 7GRZBU3W5C;
				GENERATE_INFOPLIST_FILE = YES;
				MARKETING_VERSION = 1.0;
				PRODUCT_BUNDLE_IDENTIFIER = com.cxcarvaj.MoviesAppTests;
				PRODUCT_NAME = "$(TARGET_NAME)";
				SWIFT_EMIT_LOC_STRINGS = NO;
				SWIFT_VERSION = 6.0;
				TARGETED_DEVICE_FAMILY = "1,2";
				TEST_HOST = "$(BUILT_PRODUCTS_DIR)/MoviesApp.app/$(BUNDLE_EXECUTABLE_FOLDER_PATH)/MoviesApp";
			};
			name = Release;
		};
/* End XCBuildConfiguration section */

/* Begin XCConfigurationList section */
		FB6B039B2DBAE2CC000FD87D /* Build configuration list for PBXProject "MoviesApp" */ = {
			isa = XCConfigurationList;
			buildConfigurations = (
				FB6B03A92DBAE2D1000FD87D /* Debug */,
				FB6B03AA2DBAE2D1000FD87D /* Release */,
			);
			defaultConfigurationIsVisible = 0;
			defaultConfigurationName = Release;
		};
		FB6B03AB2DBAE2D1000FD87D /* Build configuration list for PBXNativeTarget "MoviesApp" */ = {
			isa = XCConfigurationList;
			buildConfigurations = (
				FB6B03AC2DBAE2D1000FD87D /* Debug */,
				FB6B03AD2DBAE2D1000FD87D /* Release */,
			);
			defaultConfigurationIsVisible = 0;
			defaultConfigurationName = Release;
		};
		FBA17B5E2DC14EA600ABB0D3 /* Build configuration list for PBXNativeTarget "MoviesAppTests" */ = {
			isa = XCConfigurationList;
			buildConfigurations = (
				FBA17B5F2DC14EA600ABB0D3 /* Debug */,
				FBA17B602DC14EA600ABB0D3 /* Release */,
			);
			defaultConfigurationIsVisible = 0;
			defaultConfigurationName = Release;
		};
/* End XCConfigurationList section */

/* Begin XCRemoteSwiftPackageReference section */
		FB6B03B52DBAE395000FD87D /* XCRemoteSwiftPackageReference "SMP25Kit" */ = {
			isa = XCRemoteSwiftPackageReference;
			repositoryURL = "git@github.com:cxcarvaj/SMP25Kit.git";
			requirement = {
				kind = upToNextMajorVersion;
				minimumVersion = 0.1.0;
			};
		};
/* End XCRemoteSwiftPackageReference section */

/* Begin XCSwiftPackageProductDependency section */
		FB6B03B62DBAE395000FD87D /* SMP25Kit */ = {
			isa = XCSwiftPackageProductDependency;
			package = FB6B03B52DBAE395000FD87D /* XCRemoteSwiftPackageReference "SMP25Kit" */;
			productName = SMP25Kit;
		};
/* End XCSwiftPackageProductDependency section */
	};
	rootObject = FB6B03982DBAE2CC000FD87D /* Project object */;
}
