{
  "originHash" : "96b87d965f581722141bd5c275088fc33d1a756c74c51566496810aa11fcad6b",
  "pins" : [
    {
      "identity" : "smp25kit",
      "kind" : "remoteSourceControl",
      "location" : "git@github.com:cxcarvaj/SMP25Kit.git",
      "state" : {
        "revision" : "ce9e1e18888cef072af22b8024ee06a213a3ce78",
        "version" : "0.1.3"
      }
    }
  ],
  "version" : 3
}
